
Microsoft Visual Studio Solution File, Format Version 12.00
# Visual Studio 15
VisualStudioVersion = 15.0.26730.16
MinimumVisualStudioVersion = 10.0.40219.1
Project("{9A19103F-16F7-4668-BE54-9A1E7A4F7556}") = "IdentityServer", "IdentityServerPractice\IdentityServer.csproj", "{6767CA5B-4EEF-4479-A896-5D29D5DBCC35}"
EndProject
Project("{2150E333-8FDC-42A3-9474-1A3956D46DE8}") = "Client", "Client", "{30C98DD8-B8A1-4017-8CBD-E7DED39F8802}"
EndProject
Project("{9A19103F-16F7-4668-BE54-9A1E7A4F7556}") = "MvcClient", "MvcClient\MvcClient.csproj", "{E9292194-8519-4A1F-88C0-0B98A475F024}"
EndProject
Global
	GlobalSection(SolutionConfigurationPlatforms) = preSolution
		Debug|Any CPU = Debug|Any CPU
		Release|Any CPU = Release|Any CPU
	EndGlobalSection
	GlobalSection(ProjectConfigurationPlatforms) = postSolution
		{6767CA5B-4EEF-4479-A896-5D29D5DBCC35}.Debug|Any CPU.ActiveCfg = Debug|Any CPU
		{6767CA5B-4EEF-4479-A896-5D29D5DBCC35}.Debug|Any CPU.Build.0 = Debug|Any CPU
		{6767CA5B-4EEF-4479-A896-5D29D5DBCC35}.Release|Any CPU.ActiveCfg = Release|Any CPU
		{6767CA5B-4EEF-4479-A896-5D29D5DBCC35}.Release|Any CPU.Build.0 = Release|Any CPU
		{E9292194-8519-4A1F-88C0-0B98A475F024}.Debug|Any CPU.ActiveCfg = Debug|Any CPU
		{E9292194-8519-4A1F-88C0-0B98A475F024}.Debug|Any CPU.Build.0 = Debug|Any CPU
		{E9292194-8519-4A1F-88C0-0B98A475F024}.Release|Any CPU.ActiveCfg = Release|Any CPU
		{E9292194-8519-4A1F-88C0-0B98A475F024}.Release|Any CPU.Build.0 = Release|Any CPU
	EndGlobalSection
	GlobalSection(SolutionProperties) = preSolution
		HideSolutionNode = FALSE
	EndGlobalSection
	GlobalSection(NestedProjects) = preSolution
		{E9292194-8519-4A1F-88C0-0B98A475F024} = {30C98DD8-B8A1-4017-8CBD-E7DED39F8802}
	EndGlobalSection
	GlobalSection(ExtensibilityGlobals) = postSolution
		SolutionGuid = {CDA278CC-522C-4574-B792-822F3AE23B84}
	EndGlobalSection
EndGlobal
